
Microsoft Visual Studio Solution File, Format Version 12.00
# Visual Studio Version 17
VisualStudioVersion = 17.14.36518.9 d17.14
MinimumVisualStudioVersion = 10.0.40219.1
Project("{FAE04EC0-301F-11D3-BF4B-00C04F79EFBC}") = "Driving License Management", "Driving License Management.csproj", "{F5826560-0E04-44CC-A8AB-16EE0F3B878F}"
EndProject
Project("{FAE04EC0-301F-11D3-BF4B-00C04F79EFBC}") = "DVDLDataAccessLayar", "..\DVDLDataAccessLayar\DVDLDataAccessLayar.csproj", "{736BAAA8-F904-4856-A2E1-FDDFC57B3286}"
EndProject
Project("{FAE04EC0-301F-11D3-BF4B-00C04F79EFBC}") = "DVDLBusinessLayar", "..\DVDLBusinessLayar\DVDLBusinessLayar.csproj", "{09E7D270-F8B9-4D7D-B60C-60380C212D36}"
EndProject
Global
	GlobalSection(SolutionConfigurationPlatforms) = preSolution
		Debug|Any CPU = Debug|Any CPU
		Release|Any CPU = Release|Any CPU
	EndGlobalSection
	GlobalSection(ProjectConfigurationPlatforms) = postSolution
		{F5826560-0E04-44CC-A8AB-16EE0F3B878F}.Debug|Any CPU.ActiveCfg = Debug|Any CPU
		{F5826560-0E04-44CC-A8AB-16EE0F3B878F}.Debug|Any CPU.Build.0 = Debug|Any CPU
		{F5826560-0E04-44CC-A8AB-16EE0F3B878F}.Release|Any CPU.ActiveCfg = Release|Any CPU
		{F5826560-0E04-44CC-A8AB-16EE0F3B878F}.Release|Any CPU.Build.0 = Release|Any CPU
		{736BAAA8-F904-4856-A2E1-FDDFC57B3286}.Debug|Any CPU.ActiveCfg = Debug|Any CPU
		{736BAAA8-F904-4856-A2E1-FDDFC57B3286}.Debug|Any CPU.Build.0 = Debug|Any CPU
		{736BAAA8-F904-4856-A2E1-FDDFC57B3286}.Release|Any CPU.ActiveCfg = Release|Any CPU
		{736BAAA8-F904-4856-A2E1-FDDFC57B3286}.Release|Any CPU.Build.0 = Release|Any CPU
		{09E7D270-F8B9-4D7D-B60C-60380C212D36}.Debug|Any CPU.ActiveCfg = Debug|Any CPU
		{09E7D270-F8B9-4D7D-B60C-60380C212D36}.Debug|Any CPU.Build.0 = Debug|Any CPU
		{09E7D270-F8B9-4D7D-B60C-60380C212D36}.Release|Any CPU.ActiveCfg = Release|Any CPU
		{09E7D270-F8B9-4D7D-B60C-60380C212D36}.Release|Any CPU.Build.0 = Release|Any CPU
	EndGlobalSection
	GlobalSection(SolutionProperties) = preSolution
		HideSolutionNode = FALSE
	EndGlobalSection
	GlobalSection(ExtensibilityGlobals) = postSolution
		SolutionGuid = {C6E11E2B-BFBD-4E0A-A926-D3AE248DA433}
	EndGlobalSection
EndGlobal
